
Microsoft Visual Studio Solution File, Format Version 12.00
# Visual Studio Version 17
VisualStudioVersion = 17.5.33516.290
MinimumVisualStudioVersion = 10.0.40219.1
Project("{9A19103F-16F7-4668-BE54-9A1E7A4F7556}") = "InstagramHelper.Webhook", "InstagramHelper.Webhook\InstagramHelper.Webhook.csproj", "{B56BBE8F-31FB-4CBE-99AC-EE96E88762AD}"
EndProject
Project("{9A19103F-16F7-4668-BE54-9A1E7A4F7556}") = "InstagramHelper.Polling", "InstagramHelper.Polling\InstagramHelper.Polling.csproj", "{724A0BF2-01EA-48C9-A1BB-52D138AA679E}"
EndProject
Project("{9A19103F-16F7-4668-BE54-9A1E7A4F7556}") = "InstagramHelper.Core", "InstagramHelper.Core\InstagramHelper.Core.csproj", "{92E032FF-4730-4FC3-A995-1A93DB13E852}"
EndProject
Global
	GlobalSection(SolutionConfigurationPlatforms) = preSolution
		Debug|Any CPU = Debug|Any CPU
		Release|Any CPU = Release|Any CPU
	EndGlobalSection
	GlobalSection(ProjectConfigurationPlatforms) = postSolution
		{B56BBE8F-31FB-4CBE-99AC-EE96E88762AD}.Debug|Any CPU.ActiveCfg = Debug|Any CPU
		{B56BBE8F-31FB-4CBE-99AC-EE96E88762AD}.Debug|Any CPU.Build.0 = Debug|Any CPU
		{B56BBE8F-31FB-4CBE-99AC-EE96E88762AD}.Release|Any CPU.ActiveCfg = Release|Any CPU
		{B56BBE8F-31FB-4CBE-99AC-EE96E88762AD}.Release|Any CPU.Build.0 = Release|Any CPU
		{724A0BF2-01EA-48C9-A1BB-52D138AA679E}.Debug|Any CPU.ActiveCfg = Debug|Any CPU
		{724A0BF2-01EA-48C9-A1BB-52D138AA679E}.Debug|Any CPU.Build.0 = Debug|Any CPU
		{724A0BF2-01EA-48C9-A1BB-52D138AA679E}.Release|Any CPU.ActiveCfg = Release|Any CPU
		{724A0BF2-01EA-48C9-A1BB-52D138AA679E}.Release|Any CPU.Build.0 = Release|Any CPU
		{92E032FF-4730-4FC3-A995-1A93DB13E852}.Debug|Any CPU.ActiveCfg = Debug|Any CPU
		{92E032FF-4730-4FC3-A995-1A93DB13E852}.Debug|Any CPU.Build.0 = Debug|Any CPU
		{92E032FF-4730-4FC3-A995-1A93DB13E852}.Release|Any CPU.ActiveCfg = Release|Any CPU
		{92E032FF-4730-4FC3-A995-1A93DB13E852}.Release|Any CPU.Build.0 = Release|Any CPU
	EndGlobalSection
	GlobalSection(SolutionProperties) = preSolution
		HideSolutionNode = FALSE
	EndGlobalSection
	GlobalSection(ExtensibilityGlobals) = postSolution
		SolutionGuid = {507AB430-A0D4-4223-90FC-72D04A721E84}
	EndGlobalSection
EndGlobal
